
Microsoft Visual Studio Solution File, Format Version 12.00
# Visual Studio Version 17
VisualStudioVersion = 17.3.32901.215
MinimumVisualStudioVersion = 10.0.40219.1
Project("{FAE04EC0-301F-11D3-BF4B-00C04F79EFBC}") = "AuthServer.API", "AuthServer.API\AuthServer.API.csproj", "{3941ACEC-D841-4B3D-803C-3F8BCCB14F63}"
EndProject
Project("{FAE04EC0-301F-11D3-BF4B-00C04F79EFBC}") = "AuthServer.Core", "AuthServer.Core\AuthServer.Core.csproj", "{FEB2B78D-7A13-4467-8811-A2C8EA6654D6}"
EndProject
Project("{FAE04EC0-301F-11D3-BF4B-00C04F79EFBC}") = "AuthServer.Data", "AuthServer.Data\AuthServer.Data.csproj", "{6989AFB0-C317-4409-8488-CB0297D69E8B}"
EndProject
Project("{FAE04EC0-301F-11D3-BF4B-00C04F79EFBC}") = "AuthServer.Service", "AuthServer.Service\AuthServer.Service.csproj", "{DF1096BF-1B56-4F76-AB22-840887676769}"
EndProject
Project("{FAE04EC0-301F-11D3-BF4B-00C04F79EFBC}") = "MiniApp1.API", "MiniApp1.API\MiniApp1.API.csproj", "{A3EA7FA6-0B28-4894-8DAA-45D1E6E2FF61}"
EndProject
Project("{FAE04EC0-301F-11D3-BF4B-00C04F79EFBC}") = "MiniApp2.API", "MiniApp2.API\MiniApp2.API.csproj", "{33E3A60A-E27D-4ADF-98CC-17DF56694E3F}"
EndProject
Project("{FAE04EC0-301F-11D3-BF4B-00C04F79EFBC}") = "MiniApp3.API", "MiniApp3.API\MiniApp3.API.csproj", "{5F5EE201-ABA9-44D1-9B50-228A41ED216B}"
EndProject
Project("{FAE04EC0-301F-11D3-BF4B-00C04F79EFBC}") = "SharedLibrary", "SharedLibrary\SharedLibrary.csproj", "{776B5F84-2D6C-4D21-852C-7E69DEE17327}"
EndProject
Global
	GlobalSection(SolutionConfigurationPlatforms) = preSolution
		Debug|Any CPU = Debug|Any CPU
		Release|Any CPU = Release|Any CPU
	EndGlobalSection
	GlobalSection(ProjectConfigurationPlatforms) = postSolution
		{3941ACEC-D841-4B3D-803C-3F8BCCB14F63}.Debug|Any CPU.ActiveCfg = Debug|Any CPU
		{3941ACEC-D841-4B3D-803C-3F8BCCB14F63}.Debug|Any CPU.Build.0 = Debug|Any CPU
		{3941ACEC-D841-4B3D-803C-3F8BCCB14F63}.Release|Any CPU.ActiveCfg = Release|Any CPU
		{3941ACEC-D841-4B3D-803C-3F8BCCB14F63}.Release|Any CPU.Build.0 = Release|Any CPU
		{FEB2B78D-7A13-4467-8811-A2C8EA6654D6}.Debug|Any CPU.ActiveCfg = Debug|Any CPU
		{FEB2B78D-7A13-4467-8811-A2C8EA6654D6}.Debug|Any CPU.Build.0 = Debug|Any CPU
		{FEB2B78D-7A13-4467-8811-A2C8EA6654D6}.Release|Any CPU.ActiveCfg = Release|Any CPU
		{FEB2B78D-7A13-4467-8811-A2C8EA6654D6}.Release|Any CPU.Build.0 = Release|Any CPU
		{6989AFB0-C317-4409-8488-CB0297D69E8B}.Debug|Any CPU.ActiveCfg = Debug|Any CPU
		{6989AFB0-C317-4409-8488-CB0297D69E8B}.Debug|Any CPU.Build.0 = Debug|Any CPU
		{6989AFB0-C317-4409-8488-CB0297D69E8B}.Release|Any CPU.ActiveCfg = Release|Any CPU
		{6989AFB0-C317-4409-8488-CB0297D69E8B}.Release|Any CPU.Build.0 = Release|Any CPU
		{DF1096BF-1B56-4F76-AB22-840887676769}.Debug|Any CPU.ActiveCfg = Debug|Any CPU
		{DF1096BF-1B56-4F76-AB22-840887676769}.Debug|Any CPU.Build.0 = Debug|Any CPU
		{DF1096BF-1B56-4F76-AB22-840887676769}.Release|Any CPU.ActiveCfg = Release|Any CPU
		{DF1096BF-1B56-4F76-AB22-840887676769}.Release|Any CPU.Build.0 = Release|Any CPU
		{A3EA7FA6-0B28-4894-8DAA-45D1E6E2FF61}.Debug|Any CPU.ActiveCfg = Debug|Any CPU
		{A3EA7FA6-0B28-4894-8DAA-45D1E6E2FF61}.Debug|Any CPU.Build.0 = Debug|Any CPU
		{A3EA7FA6-0B28-4894-8DAA-45D1E6E2FF61}.Release|Any CPU.ActiveCfg = Release|Any CPU
		{A3EA7FA6-0B28-4894-8DAA-45D1E6E2FF61}.Release|Any CPU.Build.0 = Release|Any CPU
		{33E3A60A-E27D-4ADF-98CC-17DF56694E3F}.Debug|Any CPU.ActiveCfg = Debug|Any CPU
		{33E3A60A-E27D-4ADF-98CC-17DF56694E3F}.Debug|Any CPU.Build.0 = Debug|Any CPU
		{33E3A60A-E27D-4ADF-98CC-17DF56694E3F}.Release|Any CPU.ActiveCfg = Release|Any CPU
		{33E3A60A-E27D-4ADF-98CC-17DF56694E3F}.Release|Any CPU.Build.0 = Release|Any CPU
		{5F5EE201-ABA9-44D1-9B50-228A41ED216B}.Debug|Any CPU.ActiveCfg = Debug|Any CPU
		{5F5EE201-ABA9-44D1-9B50-228A41ED216B}.Debug|Any CPU.Build.0 = Debug|Any CPU
		{5F5EE201-ABA9-44D1-9B50-228A41ED216B}.Release|Any CPU.ActiveCfg = Release|Any CPU
		{5F5EE201-ABA9-44D1-9B50-228A41ED216B}.Release|Any CPU.Build.0 = Release|Any CPU
		{776B5F84-2D6C-4D21-852C-7E69DEE17327}.Debug|Any CPU.ActiveCfg = Debug|Any CPU
		{776B5F84-2D6C-4D21-852C-7E69DEE17327}.Debug|Any CPU.Build.0 = Debug|Any CPU
		{776B5F84-2D6C-4D21-852C-7E69DEE17327}.Release|Any CPU.ActiveCfg = Release|Any CPU
		{776B5F84-2D6C-4D21-852C-7E69DEE17327}.Release|Any CPU.Build.0 = Release|Any CPU
	EndGlobalSection
	GlobalSection(SolutionProperties) = preSolution
		HideSolutionNode = FALSE
	EndGlobalSection
	GlobalSection(ExtensibilityGlobals) = postSolution
		SolutionGuid = {C38FB196-6D03-4CAE-835C-2228C4AD0260}
	EndGlobalSection
EndGlobal
